PODS:
  - Expecta (1.0.5)
  - PLTableManager (0.1.1)
  - Specta (1.0.5)

DEPENDENCIES:
  - Expecta
  - PLTableManager (from `../`)
  - Specta

EXTERNAL SOURCES:
  PLTableManager:
    :path: ../

SPEC CHECKSUMS:
  Expecta: e1c022fcd33910b6be89c291d2775b3fe27a89fe
  PLTableManager: ed4806bde600dc5cf2fe04dec3bae33c0da18e8a
  Specta: ac94d110b865115fe60ff2c6d7281053c6f8e8a2

COCOAPODS: 0.39.0
